
Microsoft Visual Studio Solution File, Format Version 12.00
# Visual Studio 14
VisualStudioVersion = 14.0.23107.0
MinimumVisualStudioVersion = 10.0.40219.1
Project("{FAE04EC0-301F-11D3-BF4B-00C04F79EFBC}") = "Altus.Suffūz", "Altus.Suffūz\Altus.Suffūz.csproj", "{155E27AD-91EE-4D31-BF4B-4A215324FBB2}"
EndProject
Project("{FAE04EC0-301F-11D3-BF4B-00C04F79EFBC}") = "Altus.Suffūz.Test", "Altus.Suffūz.Test\Altus.Suffūz.Test.csproj", "{7FAA05DC-65F6-4759-AA56-BCD40C71C25A}"
EndProject
Project("{FAE04EC0-301F-11D3-BF4B-00C04F79EFBC}") = "Altus.Suffūz.Tests", "Altus.Suffūz.Tests\Altus.Suffūz.Tests.csproj", "{776B1076-8E15-49F9-89C8-62E1886A22E4}"
EndProject
Project("{FAE04EC0-301F-11D3-BF4B-00C04F79EFBC}") = "Altus.Suffūz.Observables.Tests", "Altus.Suffūz.Observables.Tests\Altus.Suffūz.Observables.Tests.csproj", "{40289EEE-D806-48E5-BDC9-BDEB59F7B09C}"
EndProject
Project("{FAE04EC0-301F-11D3-BF4B-00C04F79EFBC}") = "Altus.Suffūz.Collections.Tests", "Altus.Suffūz.Collections.Tests\Altus.Suffūz.Collections.Tests.csproj", "{DE4F7C19-7C80-497A-AF21-A30558D9091B}"
EndProject
Project("{2150E333-8FDC-42A3-9474-1A3956D46DE8}") = "Solution Items", "Solution Items", "{7F15A9D4-CB6A-4C80-B444-0B14D7BEC402}"
EndProject
Project("{FAE04EC0-301F-11D3-BF4B-00C04F79EFBC}") = "Altus.Suffūz.Observables.SignalR", "Altus.Suffūz.Observables.SignalR\Altus.Suffūz.Observables.SignalR.csproj", "{C8AEAE25-DAB9-414E-8120-021176DA793E}"
EndProject
Project("{FAE04EC0-301F-11D3-BF4B-00C04F79EFBC}") = "Altus.Suffūz.Observables.iOS", "Altus.Suffūz.Observables.iOS\Altus.Suffūz.Observables.iOS.csproj", "{1FC1571E-DC01-4090-A7FA-98E315AAFFA5}"
EndProject
Project("{FAE04EC0-301F-11D3-BF4B-00C04F79EFBC}") = "Altus.Suffūz.Observables.JS", "Altus.Suffūz.Observables.JS\Altus.Suffūz.Observables.JS.csproj", "{5E23C14C-5B1D-4C2D-A661-CC99405CEC81}"
EndProject
Global
	GlobalSection(SolutionConfigurationPlatforms) = preSolution
		Debug|Any CPU = Debug|Any CPU
		Release|Any CPU = Release|Any CPU
	EndGlobalSection
	GlobalSection(ProjectConfigurationPlatforms) = postSolution
		{155E27AD-91EE-4D31-BF4B-4A215324FBB2}.Debug|Any CPU.ActiveCfg = Debug|Any CPU
		{155E27AD-91EE-4D31-BF4B-4A215324FBB2}.Debug|Any CPU.Build.0 = Debug|Any CPU
		{155E27AD-91EE-4D31-BF4B-4A215324FBB2}.Release|Any CPU.ActiveCfg = Release|Any CPU
		{155E27AD-91EE-4D31-BF4B-4A215324FBB2}.Release|Any CPU.Build.0 = Release|Any CPU
		{7FAA05DC-65F6-4759-AA56-BCD40C71C25A}.Debug|Any CPU.ActiveCfg = Debug|Any CPU
		{7FAA05DC-65F6-4759-AA56-BCD40C71C25A}.Debug|Any CPU.Build.0 = Debug|Any CPU
		{7FAA05DC-65F6-4759-AA56-BCD40C71C25A}.Release|Any CPU.ActiveCfg = Release|Any CPU
		{7FAA05DC-65F6-4759-AA56-BCD40C71C25A}.Release|Any CPU.Build.0 = Release|Any CPU
		{776B1076-8E15-49F9-89C8-62E1886A22E4}.Debug|Any CPU.ActiveCfg = Debug|Any CPU
		{776B1076-8E15-49F9-89C8-62E1886A22E4}.Debug|Any CPU.Build.0 = Debug|Any CPU
		{776B1076-8E15-49F9-89C8-62E1886A22E4}.Release|Any CPU.ActiveCfg = Release|Any CPU
		{776B1076-8E15-49F9-89C8-62E1886A22E4}.Release|Any CPU.Build.0 = Release|Any CPU
		{40289EEE-D806-48E5-BDC9-BDEB59F7B09C}.Debug|Any CPU.ActiveCfg = Debug|Any CPU
		{40289EEE-D806-48E5-BDC9-BDEB59F7B09C}.Debug|Any CPU.Build.0 = Debug|Any CPU
		{40289EEE-D806-48E5-BDC9-BDEB59F7B09C}.Release|Any CPU.ActiveCfg = Release|Any CPU
		{40289EEE-D806-48E5-BDC9-BDEB59F7B09C}.Release|Any CPU.Build.0 = Release|Any CPU
		{DE4F7C19-7C80-497A-AF21-A30558D9091B}.Debug|Any CPU.ActiveCfg = Debug|Any CPU
		{DE4F7C19-7C80-497A-AF21-A30558D9091B}.Debug|Any CPU.Build.0 = Debug|Any CPU
		{DE4F7C19-7C80-497A-AF21-A30558D9091B}.Release|Any CPU.ActiveCfg = Release|Any CPU
		{DE4F7C19-7C80-497A-AF21-A30558D9091B}.Release|Any CPU.Build.0 = Release|Any CPU
		{C8AEAE25-DAB9-414E-8120-021176DA793E}.Debug|Any CPU.ActiveCfg = Debug|Any CPU
		{C8AEAE25-DAB9-414E-8120-021176DA793E}.Debug|Any CPU.Build.0 = Debug|Any CPU
		{C8AEAE25-DAB9-414E-8120-021176DA793E}.Release|Any CPU.ActiveCfg = Release|Any CPU
		{C8AEAE25-DAB9-414E-8120-021176DA793E}.Release|Any CPU.Build.0 = Release|Any CPU
		{1FC1571E-DC01-4090-A7FA-98E315AAFFA5}.Debug|Any CPU.ActiveCfg = Debug|Any CPU
		{1FC1571E-DC01-4090-A7FA-98E315AAFFA5}.Debug|Any CPU.Build.0 = Debug|Any CPU
		{1FC1571E-DC01-4090-A7FA-98E315AAFFA5}.Release|Any CPU.ActiveCfg = Release|Any CPU
		{1FC1571E-DC01-4090-A7FA-98E315AAFFA5}.Release|Any CPU.Build.0 = Release|Any CPU
		{5E23C14C-5B1D-4C2D-A661-CC99405CEC81}.Debug|Any CPU.ActiveCfg = Debug|Any CPU
		{5E23C14C-5B1D-4C2D-A661-CC99405CEC81}.Debug|Any CPU.Build.0 = Debug|Any CPU
		{5E23C14C-5B1D-4C2D-A661-CC99405CEC81}.Release|Any CPU.ActiveCfg = Release|Any CPU
		{5E23C14C-5B1D-4C2D-A661-CC99405CEC81}.Release|Any CPU.Build.0 = Release|Any CPU
	EndGlobalSection
	GlobalSection(SolutionProperties) = preSolution
		HideSolutionNode = FALSE
	EndGlobalSection
EndGlobal
