
Microsoft Visual Studio Solution File, Format Version 12.00
# Visual Studio 14
VisualStudioVersion = 14.0.23107.0
MinimumVisualStudioVersion = 10.0.40219.1
Project("{FAE04EC0-301F-11D3-BF4B-00C04F79EFBC}") = "Altus.Suffūz", "Altus.Suffūz\Altus.Suffūz.csproj", "{155E27AD-91EE-4D31-BF4B-4A215324FBB2}"
EndProject
Project("{FAE04EC0-301F-11D3-BF4B-00C04F79EFBC}") = "Altus.Suffūz.Test", "Altus.Suffūz.Test\Altus.Suffūz.Test.csproj", "{7FAA05DC-65F6-4759-AA56-BCD40C71C25A}"
EndProject
Project("{FAE04EC0-301F-11D3-BF4B-00C04F79EFBC}") = "Altus.Suffūz.Tests", "Altus.Suffūz.Tests\Altus.Suffūz.Tests.csproj", "{776B1076-8E15-49F9-89C8-62E1886A22E4}"
EndProject
Project("{FAE04EC0-301F-11D3-BF4B-00C04F79EFBC}") = "Altus.Suffūz.Observables", "Altus.Suffūz.Observables\Altus.Suffūz.Observables.csproj", "{2A2EA786-34D0-4003-8785-C0539BE03EC8}"
EndProject
Project("{FAE04EC0-301F-11D3-BF4B-00C04F79EFBC}") = "Altus.Suffūz.Observables.Tests", "Altus.Suffūz.Observables.Tests\Altus.Suffūz.Observables.Tests.csproj", "{40289EEE-D806-48E5-BDC9-BDEB59F7B09C}"
EndProject
Project("{FAE04EC0-301F-11D3-BF4B-00C04F79EFBC}") = "Altus.Suffūz.Collections", "Altus.Suffūz.Collections\Altus.Suffūz.Collections.csproj", "{EABD0B1C-6437-4F9A-A0A9-E8D893E45629}"
EndProject
Project("{FAE04EC0-301F-11D3-BF4B-00C04F79EFBC}") = "Altus.Suffūz.Collections.Tests", "Altus.Suffūz.Collections.Tests\Altus.Suffūz.Collections.Tests.csproj", "{DE4F7C19-7C80-497A-AF21-A30558D9091B}"
EndProject
Global
	GlobalSection(SolutionConfigurationPlatforms) = preSolution
		Debug|Any CPU = Debug|Any CPU
		Release|Any CPU = Release|Any CPU
	EndGlobalSection
	GlobalSection(ProjectConfigurationPlatforms) = postSolution
		{155E27AD-91EE-4D31-BF4B-4A215324FBB2}.Debug|Any CPU.ActiveCfg = Debug|Any CPU
		{155E27AD-91EE-4D31-BF4B-4A215324FBB2}.Debug|Any CPU.Build.0 = Debug|Any CPU
		{155E27AD-91EE-4D31-BF4B-4A215324FBB2}.Release|Any CPU.ActiveCfg = Release|Any CPU
		{155E27AD-91EE-4D31-BF4B-4A215324FBB2}.Release|Any CPU.Build.0 = Release|Any CPU
		{7FAA05DC-65F6-4759-AA56-BCD40C71C25A}.Debug|Any CPU.ActiveCfg = Debug|Any CPU
		{7FAA05DC-65F6-4759-AA56-BCD40C71C25A}.Debug|Any CPU.Build.0 = Debug|Any CPU
		{7FAA05DC-65F6-4759-AA56-BCD40C71C25A}.Release|Any CPU.ActiveCfg = Release|Any CPU
		{7FAA05DC-65F6-4759-AA56-BCD40C71C25A}.Release|Any CPU.Build.0 = Release|Any CPU
		{776B1076-8E15-49F9-89C8-62E1886A22E4}.Debug|Any CPU.ActiveCfg = Debug|Any CPU
		{776B1076-8E15-49F9-89C8-62E1886A22E4}.Debug|Any CPU.Build.0 = Debug|Any CPU
		{776B1076-8E15-49F9-89C8-62E1886A22E4}.Release|Any CPU.ActiveCfg = Release|Any CPU
		{776B1076-8E15-49F9-89C8-62E1886A22E4}.Release|Any CPU.Build.0 = Release|Any CPU
		{2A2EA786-34D0-4003-8785-C0539BE03EC8}.Debug|Any CPU.ActiveCfg = Debug|Any CPU
		{2A2EA786-34D0-4003-8785-C0539BE03EC8}.Debug|Any CPU.Build.0 = Debug|Any CPU
		{2A2EA786-34D0-4003-8785-C0539BE03EC8}.Release|Any CPU.ActiveCfg = Release|Any CPU
		{2A2EA786-34D0-4003-8785-C0539BE03EC8}.Release|Any CPU.Build.0 = Release|Any CPU
		{40289EEE-D806-48E5-BDC9-BDEB59F7B09C}.Debug|Any CPU.ActiveCfg = Debug|Any CPU
		{40289EEE-D806-48E5-BDC9-BDEB59F7B09C}.Debug|Any CPU.Build.0 = Debug|Any CPU
		{40289EEE-D806-48E5-BDC9-BDEB59F7B09C}.Release|Any CPU.ActiveCfg = Release|Any CPU
		{40289EEE-D806-48E5-BDC9-BDEB59F7B09C}.Release|Any CPU.Build.0 = Release|Any CPU
		{EABD0B1C-6437-4F9A-A0A9-E8D893E45629}.Debug|Any CPU.ActiveCfg = Debug|Any CPU
		{EABD0B1C-6437-4F9A-A0A9-E8D893E45629}.Debug|Any CPU.Build.0 = Debug|Any CPU
		{EABD0B1C-6437-4F9A-A0A9-E8D893E45629}.Release|Any CPU.ActiveCfg = Release|Any CPU
		{EABD0B1C-6437-4F9A-A0A9-E8D893E45629}.Release|Any CPU.Build.0 = Release|Any CPU
		{DE4F7C19-7C80-497A-AF21-A30558D9091B}.Debug|Any CPU.ActiveCfg = Debug|Any CPU
		{DE4F7C19-7C80-497A-AF21-A30558D9091B}.Debug|Any CPU.Build.0 = Debug|Any CPU
		{DE4F7C19-7C80-497A-AF21-A30558D9091B}.Release|Any CPU.ActiveCfg = Release|Any CPU
		{DE4F7C19-7C80-497A-AF21-A30558D9091B}.Release|Any CPU.Build.0 = Release|Any CPU
	EndGlobalSection
	GlobalSection(SolutionProperties) = preSolution
		HideSolutionNode = FALSE
	EndGlobalSection
EndGlobal
